
Microsoft Visual Studio Solution File, Format Version 12.00
# Visual Studio 2013
VisualStudioVersion = 12.0.21005.1
MinimumVisualStudioVersion = 10.0.40219.1
Project("{FAE04EC0-301F-11D3-BF4B-00C04F79EFBC}") = "GUI", "QUANLYKHO\GUI.csproj", "{A0CF4D1C-F7DF-4581-AB5B-C8B0C3C2E220}"
EndProject
Project("{FAE04EC0-301F-11D3-BF4B-00C04F79EFBC}") = "BUS", "BUS\BUS.csproj", "{75963148-5566-4C9F-BA37-7A3F0E11A9E2}"
EndProject
Project("{FAE04EC0-301F-11D3-BF4B-00C04F79EFBC}") = "DAL", "DAL\DAL.csproj", "{41BD24A6-F30C-4423-BF6F-5927C56ADD8F}"
EndProject
Project("{FAE04EC0-301F-11D3-BF4B-00C04F79EFBC}") = "Properties", "Properties\Properties.csproj", "{1350030B-8C62-4A24-B415-448AD1CE4D1B}"
EndProject
Global
	GlobalSection(SolutionConfigurationPlatforms) = preSolution
		Debug|Any CPU = Debug|Any CPU
		Release|Any CPU = Release|Any CPU
	EndGlobalSection
	GlobalSection(ProjectConfigurationPlatforms) = postSolution
		{A0CF4D1C-F7DF-4581-AB5B-C8B0C3C2E220}.Debug|Any CPU.ActiveCfg = Debug|Any CPU
		{A0CF4D1C-F7DF-4581-AB5B-C8B0C3C2E220}.Debug|Any CPU.Build.0 = Debug|Any CPU
		{A0CF4D1C-F7DF-4581-AB5B-C8B0C3C2E220}.Release|Any CPU.ActiveCfg = Release|Any CPU
		{A0CF4D1C-F7DF-4581-AB5B-C8B0C3C2E220}.Release|Any CPU.Build.0 = Release|Any CPU
		{75963148-5566-4C9F-BA37-7A3F0E11A9E2}.Debug|Any CPU.ActiveCfg = Debug|Any CPU
		{75963148-5566-4C9F-BA37-7A3F0E11A9E2}.Debug|Any CPU.Build.0 = Debug|Any CPU
		{75963148-5566-4C9F-BA37-7A3F0E11A9E2}.Release|Any CPU.ActiveCfg = Release|Any CPU
		{75963148-5566-4C9F-BA37-7A3F0E11A9E2}.Release|Any CPU.Build.0 = Release|Any CPU
		{41BD24A6-F30C-4423-BF6F-5927C56ADD8F}.Debug|Any CPU.ActiveCfg = Debug|Any CPU
		{41BD24A6-F30C-4423-BF6F-5927C56ADD8F}.Debug|Any CPU.Build.0 = Debug|Any CPU
		{41BD24A6-F30C-4423-BF6F-5927C56ADD8F}.Release|Any CPU.ActiveCfg = Release|Any CPU
		{41BD24A6-F30C-4423-BF6F-5927C56ADD8F}.Release|Any CPU.Build.0 = Release|Any CPU
		{1350030B-8C62-4A24-B415-448AD1CE4D1B}.Debug|Any CPU.ActiveCfg = Debug|Any CPU
		{1350030B-8C62-4A24-B415-448AD1CE4D1B}.Debug|Any CPU.Build.0 = Debug|Any CPU
		{1350030B-8C62-4A24-B415-448AD1CE4D1B}.Release|Any CPU.ActiveCfg = Release|Any CPU
		{1350030B-8C62-4A24-B415-448AD1CE4D1B}.Release|Any CPU.Build.0 = Release|Any CPU
	EndGlobalSection
	GlobalSection(SolutionProperties) = preSolution
		HideSolutionNode = FALSE
	EndGlobalSection
EndGlobal
